
Microsoft Visual Studio Solution File, Format Version 12.00
# Visual Studio Version 17
VisualStudioVersion = 17.3.32825.248
MinimumVisualStudioVersion = 10.0.40219.1
Project("{FAE04EC0-301F-11D3-BF4B-00C04F79EFBC}") = "курсовагидро", "курсовагидро\курсовагидро.csproj", "{62724FA2-6C7A-4D11-83C2-B80D8F59BB58}"
EndProject
Global
	GlobalSection(SolutionConfigurationPlatforms) = preSolution
		Debug|Any CPU = Debug|Any CPU
		Release|Any CPU = Release|Any CPU
	EndGlobalSection
	GlobalSection(ProjectConfigurationPlatforms) = postSolution
		{62724FA2-6C7A-4D11-83C2-B80D8F59BB58}.Debug|Any CPU.ActiveCfg = Debug|Any CPU
		{62724FA2-6C7A-4D11-83C2-B80D8F59BB58}.Debug|Any CPU.Build.0 = Debug|Any CPU
		{62724FA2-6C7A-4D11-83C2-B80D8F59BB58}.Release|Any CPU.ActiveCfg = Release|Any CPU
		{62724FA2-6C7A-4D11-83C2-B80D8F59BB58}.Release|Any CPU.Build.0 = Release|Any CPU
	EndGlobalSection
	GlobalSection(SolutionProperties) = preSolution
		HideSolutionNode = FALSE
	EndGlobalSection
	GlobalSection(ExtensibilityGlobals) = postSolution
		SolutionGuid = {1C065A39-C2F6-4A85-B15D-225154A86597}
	EndGlobalSection
EndGlobal
